
Microsoft Visual Studio Solution File, Format Version 12.00
Project("{FAE04EC0-301F-11D3-BF4B-00C04F79EFBC}") = "SocialNetwork", "SocialNetwork\SocialNetwork.csproj", "{68A3EA84-326B-466A-B4B3-CA33F7618982}"
EndProject
Global
	GlobalSection(SolutionConfigurationPlatforms) = preSolution
		Debug|Any CPU = Debug|Any CPU
		Release|Any CPU = Release|Any CPU
	EndGlobalSection
	GlobalSection(ProjectConfigurationPlatforms) = postSolution
		{68A3EA84-326B-466A-B4B3-CA33F7618982}.Debug|Any CPU.ActiveCfg = Debug|Any CPU
		{68A3EA84-326B-466A-B4B3-CA33F7618982}.Debug|Any CPU.Build.0 = Debug|Any CPU
		{68A3EA84-326B-466A-B4B3-CA33F7618982}.Release|Any CPU.ActiveCfg = Release|Any CPU
		{68A3EA84-326B-466A-B4B3-CA33F7618982}.Release|Any CPU.Build.0 = Release|Any CPU
	EndGlobalSection
EndGlobal
